
Microsoft Visual Studio Solution File, Format Version 12.00
# Visual Studio Version 16
VisualStudioVersion = 16.0.29409.12
MinimumVisualStudioVersion = 10.0.40219.1
Project("{2150E333-8FDC-42A3-9474-1A3956D46DE8}") = "Solution Items", "Solution Items", "{4598A16C-EB72-4B22-A425-800AEB9263F8}"
	ProjectSection(SolutionItems) = preProject
		.editorconfig = .editorconfig
		.gitignore = .gitignore
		appveyor.yml = appveyor.yml
		Directory.Build.props = Directory.Build.props
		LICENSE = LICENSE
		README.md = README.md
	EndProjectSection
EndProject
Project("{FAE04EC0-301F-11D3-BF4B-00C04F79EFBC}") = "AspNetIdentityAndEFCore", "src\AspNetIdentityAndEFCore\AspNetIdentityAndEFCore.csproj", "{C153D7A8-C69C-4C7D-BED4-08379E08A8F6}"
EndProject
Global
	GlobalSection(SolutionConfigurationPlatforms) = preSolution
		Debug|Any CPU = Debug|Any CPU
		Release|Any CPU = Release|Any CPU
	EndGlobalSection
	GlobalSection(ProjectConfigurationPlatforms) = postSolution
		{C153D7A8-C69C-4C7D-BED4-08379E08A8F6}.Debug|Any CPU.ActiveCfg = Debug|Any CPU
		{C153D7A8-C69C-4C7D-BED4-08379E08A8F6}.Debug|Any CPU.Build.0 = Debug|Any CPU
		{C153D7A8-C69C-4C7D-BED4-08379E08A8F6}.Release|Any CPU.ActiveCfg = Release|Any CPU
		{C153D7A8-C69C-4C7D-BED4-08379E08A8F6}.Release|Any CPU.Build.0 = Release|Any CPU
	EndGlobalSection
	GlobalSection(SolutionProperties) = preSolution
		HideSolutionNode = FALSE
	EndGlobalSection
	GlobalSection(ExtensibilityGlobals) = postSolution
		SolutionGuid = {6B0D0450-4DDB-424C-80A0-FA566EABFE74}
	EndGlobalSection
EndGlobal
