
Microsoft Visual Studio Solution File, Format Version 12.00
# Visual Studio 15
VisualStudioVersion = 15.0.27703.2000
MinimumVisualStudioVersion = 10.0.40219.1
Project("{9A19103F-16F7-4668-BE54-9A1E7A4F7556}") = "AspNetIdentityAndEFCore", "samples\AspNetIdentityAndEFCore\src\AspNetIdentityAndEFCore\AspNetIdentityAndEFCore.csproj", "{9F742853-05CD-47A2-B804-C8AB5BEF4D97}"
EndProject
Project("{2150E333-8FDC-42A3-9474-1A3956D46DE8}") = "AspNetIdentityAndEFCore", "AspNetIdentityAndEFCore", "{2D10136E-DB91-4F60-BF8B-7879E660CA1D}"
EndProject
Global
	GlobalSection(SolutionConfigurationPlatforms) = preSolution
		Debug|Any CPU = Debug|Any CPU
		Release|Any CPU = Release|Any CPU
	EndGlobalSection
	GlobalSection(ProjectConfigurationPlatforms) = postSolution
		{9F742853-05CD-47A2-B804-C8AB5BEF4D97}.Debug|Any CPU.ActiveCfg = Debug|Any CPU
		{9F742853-05CD-47A2-B804-C8AB5BEF4D97}.Debug|Any CPU.Build.0 = Debug|Any CPU
		{9F742853-05CD-47A2-B804-C8AB5BEF4D97}.Release|Any CPU.ActiveCfg = Release|Any CPU
		{9F742853-05CD-47A2-B804-C8AB5BEF4D97}.Release|Any CPU.Build.0 = Release|Any CPU
	EndGlobalSection
	GlobalSection(SolutionProperties) = preSolution
		HideSolutionNode = FALSE
	EndGlobalSection
	GlobalSection(NestedProjects) = preSolution
		{9F742853-05CD-47A2-B804-C8AB5BEF4D97} = {2D10136E-DB91-4F60-BF8B-7879E660CA1D}
	EndGlobalSection
	GlobalSection(ExtensibilityGlobals) = postSolution
		SolutionGuid = {6B0D0450-4DDB-424C-80A0-FA566EABFE74}
	EndGlobalSection
EndGlobal
