
Microsoft Visual Studio Solution File, Format Version 12.00
# Visual Studio 15
VisualStudioVersion = 15.0.27703.2000
MinimumVisualStudioVersion = 10.0.40219.1
Project("{9A19103F-16F7-4668-BE54-9A1E7A4F7556}") = "AspNetIdentityAndEFCore", "src\AspNetIdentityAndEFCore\AspNetIdentityAndEFCore.csproj", "{DFC927A1-B6BB-42D2-8897-5424AF48782E}"
EndProject
Global
	GlobalSection(SolutionConfigurationPlatforms) = preSolution
		Debug|Any CPU = Debug|Any CPU
		Release|Any CPU = Release|Any CPU
	EndGlobalSection
	GlobalSection(ProjectConfigurationPlatforms) = postSolution
		{DFC927A1-B6BB-42D2-8897-5424AF48782E}.Debug|Any CPU.ActiveCfg = Debug|Any CPU
		{DFC927A1-B6BB-42D2-8897-5424AF48782E}.Debug|Any CPU.Build.0 = Debug|Any CPU
		{DFC927A1-B6BB-42D2-8897-5424AF48782E}.Release|Any CPU.ActiveCfg = Release|Any CPU
		{DFC927A1-B6BB-42D2-8897-5424AF48782E}.Release|Any CPU.Build.0 = Release|Any CPU
	EndGlobalSection
	GlobalSection(SolutionProperties) = preSolution
		HideSolutionNode = FALSE
	EndGlobalSection
	GlobalSection(ExtensibilityGlobals) = postSolution
		SolutionGuid = {91C585DD-786E-4117-9A45-671CC2F02A47}
	EndGlobalSection
EndGlobal
